
Microsoft Visual Studio Solution File, Format Version 12.00
# Visual Studio Version 17
VisualStudioVersion = 17.4.33122.133
MinimumVisualStudioVersion = 10.0.40219.1
Project("{9A19103F-16F7-4668-BE54-9A1E7A4F7556}") = "Day1", "Day1\Day1.csproj", "{22E7CB10-6EA7-4381-B5CD-AF60F9556DA9}"
EndProject
Project("{9A19103F-16F7-4668-BE54-9A1E7A4F7556}") = "Day2", "Day2\Day2.csproj", "{904D1686-5B3D-48AB-8D00-BAF572A42AED}"
EndProject
Project("{9A19103F-16F7-4668-BE54-9A1E7A4F7556}") = "Day3", "Day3\Day3.csproj", "{31454363-DFD5-40E4-9729-CD6B74FC7763}"
EndProject
Project("{9A19103F-16F7-4668-BE54-9A1E7A4F7556}") = "Day4", "Day4\Day4.csproj", "{CDCACBD2-08B7-4DC8-9086-C822D9BC38C0}"
EndProject
Project("{9A19103F-16F7-4668-BE54-9A1E7A4F7556}") = "Day5", "Day5\Day5.csproj", "{A2E40180-2850-4C36-841D-EFDF79D86260}"
EndProject
Project("{2150E333-8FDC-42A3-9474-1A3956D46DE8}") = "Projektmappenelemente", "Projektmappenelemente", "{AB1348B8-1218-4D95-8F54-B0BD5FB7CA41}"
	ProjectSection(SolutionItems) = preProject
		Template.txt = Template.txt
	EndProjectSection
EndProject
Project("{9A19103F-16F7-4668-BE54-9A1E7A4F7556}") = "Day6", "Day6\Day6.csproj", "{8B4EA368-9C60-4F6F-A257-43EB41FA01BF}"
EndProject
Project("{9A19103F-16F7-4668-BE54-9A1E7A4F7556}") = "Day7", "Day7\Day7.csproj", "{BA2C6100-1EB9-4D75-BC36-69A1C1E61EC9}"
EndProject
Project("{9A19103F-16F7-4668-BE54-9A1E7A4F7556}") = "Day8", "Day8\Day8.csproj", "{6A60B65F-ECF2-4F61-95E3-5842B44E039B}"
EndProject
Project("{9A19103F-16F7-4668-BE54-9A1E7A4F7556}") = "Day9", "Day9\Day9.csproj", "{52A572A8-8306-487A-9F7A-23FEE0DADBDE}"
EndProject
Project("{9A19103F-16F7-4668-BE54-9A1E7A4F7556}") = "Day10", "Day10\Day10.csproj", "{C35E14DD-5FA0-4DC6-BEA6-431B5EB70727}"
EndProject
Project("{9A19103F-16F7-4668-BE54-9A1E7A4F7556}") = "Day11", "Day11\Day11.csproj", "{A767FC0B-B1B4-479D-AC23-3A8582F97EFB}"
EndProject
Project("{FAE04EC0-301F-11D3-BF4B-00C04F79EFBC}") = "Day12", "Day12\Day12.csproj", "{C263AADF-BB18-46A8-B5A0-1762AA1C2AA3}"
EndProject
Global
	GlobalSection(SolutionConfigurationPlatforms) = preSolution
		Debug|Any CPU = Debug|Any CPU
		Release|Any CPU = Release|Any CPU
	EndGlobalSection
	GlobalSection(ProjectConfigurationPlatforms) = postSolution
		{22E7CB10-6EA7-4381-B5CD-AF60F9556DA9}.Debug|Any CPU.ActiveCfg = Debug|Any CPU
		{22E7CB10-6EA7-4381-B5CD-AF60F9556DA9}.Debug|Any CPU.Build.0 = Debug|Any CPU
		{22E7CB10-6EA7-4381-B5CD-AF60F9556DA9}.Release|Any CPU.ActiveCfg = Release|Any CPU
		{22E7CB10-6EA7-4381-B5CD-AF60F9556DA9}.Release|Any CPU.Build.0 = Release|Any CPU
		{904D1686-5B3D-48AB-8D00-BAF572A42AED}.Debug|Any CPU.ActiveCfg = Debug|Any CPU
		{904D1686-5B3D-48AB-8D00-BAF572A42AED}.Debug|Any CPU.Build.0 = Debug|Any CPU
		{904D1686-5B3D-48AB-8D00-BAF572A42AED}.Release|Any CPU.ActiveCfg = Release|Any CPU
		{904D1686-5B3D-48AB-8D00-BAF572A42AED}.Release|Any CPU.Build.0 = Release|Any CPU
		{31454363-DFD5-40E4-9729-CD6B74FC7763}.Debug|Any CPU.ActiveCfg = Debug|Any CPU
		{31454363-DFD5-40E4-9729-CD6B74FC7763}.Debug|Any CPU.Build.0 = Debug|Any CPU
		{31454363-DFD5-40E4-9729-CD6B74FC7763}.Release|Any CPU.ActiveCfg = Release|Any CPU
		{31454363-DFD5-40E4-9729-CD6B74FC7763}.Release|Any CPU.Build.0 = Release|Any CPU
		{CDCACBD2-08B7-4DC8-9086-C822D9BC38C0}.Debug|Any CPU.ActiveCfg = Debug|Any CPU
		{CDCACBD2-08B7-4DC8-9086-C822D9BC38C0}.Debug|Any CPU.Build.0 = Debug|Any CPU
		{CDCACBD2-08B7-4DC8-9086-C822D9BC38C0}.Release|Any CPU.ActiveCfg = Release|Any CPU
		{CDCACBD2-08B7-4DC8-9086-C822D9BC38C0}.Release|Any CPU.Build.0 = Release|Any CPU
		{A2E40180-2850-4C36-841D-EFDF79D86260}.Debug|Any CPU.ActiveCfg = Debug|Any CPU
		{A2E40180-2850-4C36-841D-EFDF79D86260}.Debug|Any CPU.Build.0 = Debug|Any CPU
		{A2E40180-2850-4C36-841D-EFDF79D86260}.Release|Any CPU.ActiveCfg = Release|Any CPU
		{A2E40180-2850-4C36-841D-EFDF79D86260}.Release|Any CPU.Build.0 = Release|Any CPU
		{8B4EA368-9C60-4F6F-A257-43EB41FA01BF}.Debug|Any CPU.ActiveCfg = Debug|Any CPU
		{8B4EA368-9C60-4F6F-A257-43EB41FA01BF}.Debug|Any CPU.Build.0 = Debug|Any CPU
		{8B4EA368-9C60-4F6F-A257-43EB41FA01BF}.Release|Any CPU.ActiveCfg = Release|Any CPU
		{8B4EA368-9C60-4F6F-A257-43EB41FA01BF}.Release|Any CPU.Build.0 = Release|Any CPU
		{BA2C6100-1EB9-4D75-BC36-69A1C1E61EC9}.Debug|Any CPU.ActiveCfg = Debug|Any CPU
		{BA2C6100-1EB9-4D75-BC36-69A1C1E61EC9}.Debug|Any CPU.Build.0 = Debug|Any CPU
		{BA2C6100-1EB9-4D75-BC36-69A1C1E61EC9}.Release|Any CPU.ActiveCfg = Release|Any CPU
		{BA2C6100-1EB9-4D75-BC36-69A1C1E61EC9}.Release|Any CPU.Build.0 = Release|Any CPU
		{6A60B65F-ECF2-4F61-95E3-5842B44E039B}.Debug|Any CPU.ActiveCfg = Debug|Any CPU
		{6A60B65F-ECF2-4F61-95E3-5842B44E039B}.Debug|Any CPU.Build.0 = Debug|Any CPU
		{6A60B65F-ECF2-4F61-95E3-5842B44E039B}.Release|Any CPU.ActiveCfg = Release|Any CPU
		{6A60B65F-ECF2-4F61-95E3-5842B44E039B}.Release|Any CPU.Build.0 = Release|Any CPU
		{52A572A8-8306-487A-9F7A-23FEE0DADBDE}.Debug|Any CPU.ActiveCfg = Debug|Any CPU
		{52A572A8-8306-487A-9F7A-23FEE0DADBDE}.Debug|Any CPU.Build.0 = Debug|Any CPU
		{52A572A8-8306-487A-9F7A-23FEE0DADBDE}.Release|Any CPU.ActiveCfg = Release|Any CPU
		{52A572A8-8306-487A-9F7A-23FEE0DADBDE}.Release|Any CPU.Build.0 = Release|Any CPU
		{C35E14DD-5FA0-4DC6-BEA6-431B5EB70727}.Debug|Any CPU.ActiveCfg = Debug|Any CPU
		{C35E14DD-5FA0-4DC6-BEA6-431B5EB70727}.Debug|Any CPU.Build.0 = Debug|Any CPU
		{C35E14DD-5FA0-4DC6-BEA6-431B5EB70727}.Release|Any CPU.ActiveCfg = Release|Any CPU
		{C35E14DD-5FA0-4DC6-BEA6-431B5EB70727}.Release|Any CPU.Build.0 = Release|Any CPU
		{A767FC0B-B1B4-479D-AC23-3A8582F97EFB}.Debug|Any CPU.ActiveCfg = Debug|Any CPU
		{A767FC0B-B1B4-479D-AC23-3A8582F97EFB}.Debug|Any CPU.Build.0 = Debug|Any CPU
		{A767FC0B-B1B4-479D-AC23-3A8582F97EFB}.Release|Any CPU.ActiveCfg = Release|Any CPU
		{A767FC0B-B1B4-479D-AC23-3A8582F97EFB}.Release|Any CPU.Build.0 = Release|Any CPU
		{C263AADF-BB18-46A8-B5A0-1762AA1C2AA3}.Debug|Any CPU.ActiveCfg = Debug|Any CPU
		{C263AADF-BB18-46A8-B5A0-1762AA1C2AA3}.Debug|Any CPU.Build.0 = Debug|Any CPU
		{C263AADF-BB18-46A8-B5A0-1762AA1C2AA3}.Release|Any CPU.ActiveCfg = Release|Any CPU
		{C263AADF-BB18-46A8-B5A0-1762AA1C2AA3}.Release|Any CPU.Build.0 = Release|Any CPU
	EndGlobalSection
	GlobalSection(SolutionProperties) = preSolution
		HideSolutionNode = FALSE
	EndGlobalSection
	GlobalSection(ExtensibilityGlobals) = postSolution
		SolutionGuid = {E7DEBD04-35A9-4AE6-9B92-188EEC509BA5}
	EndGlobalSection
EndGlobal
